
Microsoft Visual Studio Solution File, Format Version 12.00
# Visual Studio 15
VisualStudioVersion = 15.0.27130.2020
MinimumVisualStudioVersion = 10.0.40219.1
Project("{FAE04EC0-301F-11D3-BF4B-00C04F79EFBC}") = "SmartMeterToInfluxDb", "SmartMeterToInfluxDb\SmartMeterToInfluxDb.csproj", "{E3158F91-587E-4A46-97DD-0B70513E652D}"
EndProject
Project("{E53339B2-1760-4266-BCC7-CA923CBCF16C}") = "docker-compose", "docker-compose.dcproj", "{3AD358E9-2387-48C7-B618-22E3D9CFB7F0}"
EndProject
Global
	GlobalSection(SolutionConfigurationPlatforms) = preSolution
		Debug|Any CPU = Debug|Any CPU
		Release|Any CPU = Release|Any CPU
	EndGlobalSection
	GlobalSection(ProjectConfigurationPlatforms) = postSolution
		{E3158F91-587E-4A46-97DD-0B70513E652D}.Debug|Any CPU.ActiveCfg = Debug|Any CPU
		{E3158F91-587E-4A46-97DD-0B70513E652D}.Debug|Any CPU.Build.0 = Debug|Any CPU
		{E3158F91-587E-4A46-97DD-0B70513E652D}.Release|Any CPU.ActiveCfg = Release|Any CPU
		{E3158F91-587E-4A46-97DD-0B70513E652D}.Release|Any CPU.Build.0 = Release|Any CPU
		{3AD358E9-2387-48C7-B618-22E3D9CFB7F0}.Debug|Any CPU.ActiveCfg = Debug|Any CPU
		{3AD358E9-2387-48C7-B618-22E3D9CFB7F0}.Debug|Any CPU.Build.0 = Debug|Any CPU
		{3AD358E9-2387-48C7-B618-22E3D9CFB7F0}.Release|Any CPU.ActiveCfg = Release|Any CPU
		{3AD358E9-2387-48C7-B618-22E3D9CFB7F0}.Release|Any CPU.Build.0 = Release|Any CPU
	EndGlobalSection
	GlobalSection(SolutionProperties) = preSolution
		HideSolutionNode = FALSE
	EndGlobalSection
	GlobalSection(ExtensibilityGlobals) = postSolution
		SolutionGuid = {8DA5700F-EF84-461F-B76D-BD5E5FD130CB}
	EndGlobalSection
EndGlobal
